
Microsoft Visual Studio Solution File, Format Version 12.00
# Visual Studio Version 17
VisualStudioVersion = 17.9.34701.34
MinimumVisualStudioVersion = 10.0.40219.1
Project("{FAE04EC0-301F-11D3-BF4B-00C04F79EFBC}") = "ExchangeOffice", "ExchangeOffice\ExchangeOffice.csproj", "{B808616F-1997-4716-A042-200D348E78C0}"
EndProject
Global
	GlobalSection(SolutionConfigurationPlatforms) = preSolution
		Debug|Any CPU = Debug|Any CPU
		Release|Any CPU = Release|Any CPU
	EndGlobalSection
	GlobalSection(ProjectConfigurationPlatforms) = postSolution
		{B808616F-1997-4716-A042-200D348E78C0}.Debug|Any CPU.ActiveCfg = Debug|Any CPU
		{B808616F-1997-4716-A042-200D348E78C0}.Debug|Any CPU.Build.0 = Debug|Any CPU
		{B808616F-1997-4716-A042-200D348E78C0}.Release|Any CPU.ActiveCfg = Release|Any CPU
		{B808616F-1997-4716-A042-200D348E78C0}.Release|Any CPU.Build.0 = Release|Any CPU
	EndGlobalSection
	GlobalSection(SolutionProperties) = preSolution
		HideSolutionNode = FALSE
	EndGlobalSection
	GlobalSection(ExtensibilityGlobals) = postSolution
		SolutionGuid = {952913C6-4D95-4F65-B395-A3F7AF740820}
	EndGlobalSection
EndGlobal
